
Microsoft Visual Studio Solution File, Format Version 12.00
# Visual Studio Version 17
VisualStudioVersion = 17.10.34707.107
MinimumVisualStudioVersion = 10.0.40219.1
Project("{FAE04EC0-301F-11D3-BF4B-00C04F79EFBC}") = "ASP_WEB_lez05_Preferiti", "ASP_WEB_lez05_Preferiti\ASP_WEB_lez05_Preferiti.csproj", "{AEA7BE9A-BE7C-459B-ADB0-F81CF8F0917C}"
EndProject
Global
	GlobalSection(SolutionConfigurationPlatforms) = preSolution
		Debug|Any CPU = Debug|Any CPU
		Release|Any CPU = Release|Any CPU
	EndGlobalSection
	GlobalSection(ProjectConfigurationPlatforms) = postSolution
		{AEA7BE9A-BE7C-459B-ADB0-F81CF8F0917C}.Debug|Any CPU.ActiveCfg = Debug|Any CPU
		{AEA7BE9A-BE7C-459B-ADB0-F81CF8F0917C}.Debug|Any CPU.Build.0 = Debug|Any CPU
		{AEA7BE9A-BE7C-459B-ADB0-F81CF8F0917C}.Release|Any CPU.ActiveCfg = Release|Any CPU
		{AEA7BE9A-BE7C-459B-ADB0-F81CF8F0917C}.Release|Any CPU.Build.0 = Release|Any CPU
	EndGlobalSection
	GlobalSection(SolutionProperties) = preSolution
		HideSolutionNode = FALSE
	EndGlobalSection
	GlobalSection(ExtensibilityGlobals) = postSolution
		SolutionGuid = {F83675B3-4AA0-4C89-BC73-5403BC972858}
	EndGlobalSection
EndGlobal
