
Microsoft Visual Studio Solution File, Format Version 12.00
# Visual Studio Version 17
VisualStudioVersion = 17.9.34622.214
MinimumVisualStudioVersion = 10.0.40219.1
Project("{FAE04EC0-301F-11D3-BF4B-00C04F79EFBC}") = "Task_ASP_EF_ferramenta", "Task_ASP_EF_ferramenta\Task_ASP_EF_ferramenta.csproj", "{632F77A4-F86E-4C3C-AA6C-74A9459E2C77}"
EndProject
Global
	GlobalSection(SolutionConfigurationPlatforms) = preSolution
		Debug|Any CPU = Debug|Any CPU
		Release|Any CPU = Release|Any CPU
	EndGlobalSection
	GlobalSection(ProjectConfigurationPlatforms) = postSolution
		{632F77A4-F86E-4C3C-AA6C-74A9459E2C77}.Debug|Any CPU.ActiveCfg = Debug|Any CPU
		{632F77A4-F86E-4C3C-AA6C-74A9459E2C77}.Debug|Any CPU.Build.0 = Debug|Any CPU
		{632F77A4-F86E-4C3C-AA6C-74A9459E2C77}.Release|Any CPU.ActiveCfg = Release|Any CPU
		{632F77A4-F86E-4C3C-AA6C-74A9459E2C77}.Release|Any CPU.Build.0 = Release|Any CPU
	EndGlobalSection
	GlobalSection(SolutionProperties) = preSolution
		HideSolutionNode = FALSE
	EndGlobalSection
	GlobalSection(ExtensibilityGlobals) = postSolution
		SolutionGuid = {9479D583-CE12-45F0-AC9C-01E83D6B0D46}
	EndGlobalSection
EndGlobal
